// !$*UTF8*$!
{
	archiveVersion = 1;
	classes = {
	};
	objectVersion = 46;
	objects = {

/* Begin PBXBuildFile section */
		2C5545BD1C1124DE00728469 /* SwiftRadioUITests.swift in Sources */ = {isa = PBXBuildFile; fileRef = 2C5545BC1C1124DE00728469 /* SwiftRadioUITests.swift */; };
		41FDF6FB1D0F5956007EACF3 /* Main.storyboard in Resources */ = {isa = PBXBuildFile; fileRef = 41FDF6F91D0F5956007EACF3 /* Main.storyboard */; };
		7409A3B71D2EF68E000887A3 /* AboutUsMenuViewController.swift in Sources */ = {isa = PBXBuildFile; fileRef = 7409A3B61D2EF68E000887A3 /* AboutUsMenuViewController.swift */; };
		7409A3BA1D305652000887A3 /* ActivityMenuViewController.swift in Sources */ = {isa = PBXBuildFile; fileRef = 7409A3B91D305652000887A3 /* ActivityMenuViewController.swift */; };
		74E88F831E08F21B0074DE2E /* activities.json in Resources */ = {isa = PBXBuildFile; fileRef = 74E88F821E08F21B0074DE2E /* activities.json */; };
		74F57A111D36BE71007A4290 /* ColleagueViewController.swift in Sources */ = {isa = PBXBuildFile; fileRef = 74F57A101D36BE71007A4290 /* ColleagueViewController.swift */; };
		74F57A151D36F4C4007A4290 /* html in Resources */ = {isa = PBXBuildFile; fileRef = 74F57A141D36F4C4007A4290 /* html */; };
		74F57A1B1D397E0D007A4290 /* TabViewNavigationController.swift in Sources */ = {isa = PBXBuildFile; fileRef = 74F57A1A1D397E0D007A4290 /* TabViewNavigationController.swift */; };
		74F57A1F1D3A0266007A4290 /* ReplayListViewController.swift in Sources */ = {isa = PBXBuildFile; fileRef = 74F57A1E1D3A0266007A4290 /* ReplayListViewController.swift */; };
		74F57A211D43FEC6007A4290 /* TabMenuViewController.swift in Sources */ = {isa = PBXBuildFile; fileRef = 74F57A201D43FEC6007A4290 /* TabMenuViewController.swift */; };
		9409E11C1ABF6FEA00312E2B /* AppDelegate.swift in Sources */ = {isa = PBXBuildFile; fileRef = 9409E11B1ABF6FEA00312E2B /* AppDelegate.swift */; };
		9409E1261ABF6FEA00312E2B /* Images.xcassets in Resources */ = {isa = PBXBuildFile; fileRef = 9409E1251ABF6FEA00312E2B /* Images.xcassets */; };
		9409E1401ABF78B000312E2B /* NowPlayingViewController.swift in Sources */ = {isa = PBXBuildFile; fileRef = 9409E13F1ABF78B000312E2B /* NowPlayingViewController.swift */; };
		942A3F371AE43DF80011396E /* StationsViewController.swift in Sources */ = {isa = PBXBuildFile; fileRef = 942A3F361AE43DF80011396E /* StationsViewController.swift */; };
		94452E4F1AD6F24700BFE7A5 /* PopUpMenuViewController.swift in Sources */ = {isa = PBXBuildFile; fileRef = 94452E4E1AD6F24700BFE7A5 /* PopUpMenuViewController.swift */; };
		94452E551AD7086800BFE7A5 /* AboutViewController.swift in Sources */ = {isa = PBXBuildFile; fileRef = 94452E541AD7086800BFE7A5 /* AboutViewController.swift */; };
		945DB3C21AD58E3A00495EBB /* stations.json in Resources */ = {isa = PBXBuildFile; fileRef = 945DB3C11AD58E3A00495EBB /* stations.json */; };
		945DB3C51AD5A6E200495EBB /* NothingFoundCell.xib in Resources */ = {isa = PBXBuildFile; fileRef = 945DB3C41AD5A6E200495EBB /* NothingFoundCell.xib */; };
		94817DFB1B547D5700D3FA23 /* Player.swift in Sources */ = {isa = PBXBuildFile; fileRef = 94817DFA1B547D5700D3FA23 /* Player.swift */; };
		949BBB401ACC9DEE005B7C26 /* DataManager.swift in Sources */ = {isa = PBXBuildFile; fileRef = 949BBB3F1ACC9DEE005B7C26 /* DataManager.swift */; };
		949E5EB01ACB340200AB6280 /* UIImageView+Download.swift in Sources */ = {isa = PBXBuildFile; fileRef = 949E5EAF1ACB340200AB6280 /* UIImageView+Download.swift */; };
		94AC70AE1AD05C6200652982 /* RadioStation.swift in Sources */ = {isa = PBXBuildFile; fileRef = 94AC70AD1AD05C6200652982 /* RadioStation.swift */; };
		94D1D0A51AD6D6230022CA11 /* InfoDetailViewController.swift in Sources */ = {isa = PBXBuildFile; fileRef = 94D1D0A41AD6D6230022CA11 /* InfoDetailViewController.swift */; };
		94D260911B45D20000DE671C /* SwiftRadio-Settings.swift in Sources */ = {isa = PBXBuildFile; fileRef = 94D260901B45D20000DE671C /* SwiftRadio-Settings.swift */; };
		94D260961B45E3FA00DE671C /* AnimationFrames.swift in Sources */ = {isa = PBXBuildFile; fileRef = 94D260951B45E3FA00DE671C /* AnimationFrames.swift */; };
		94D260981B45E8B800DE671C /* Track.swift in Sources */ = {isa = PBXBuildFile; fileRef = 94D260971B45E8B800DE671C /* Track.swift */; };
		94D30EA71AD07A880024FE96 /* StationTableViewCell.swift in Sources */ = {isa = PBXBuildFile; fileRef = 94D30EA61AD07A880024FE96 /* StationTableViewCell.swift */; };
		94E9761C1B1A8F3200F52B1E /* UIImage+DropShadow.swift in Sources */ = {isa = PBXBuildFile; fileRef = 94E9761B1B1A8F3200F52B1E /* UIImage+DropShadow.swift */; };
		94ECF2671B94D80600D120A8 /* SwiftyJSON.swift in Sources */ = {isa = PBXBuildFile; fileRef = 94ECF2661B94D80600D120A8 /* SwiftyJSON.swift */; };
/* End PBXBuildFile section */

/* Begin PBXContainerItemProxy section */
		2C5545BF1C1124DE00728469 /* PBXContainerItemProxy */ = {
			isa = PBXContainerItemProxy;
			containerPortal = 9409E10E1ABF6FE900312E2B /* Project object */;
			proxyType = 1;
			remoteGlobalIDString = 9409E1151ABF6FEA00312E2B;
			remoteInfo = SwiftRadio;
		};
		740025781DA4909B0088F156 /* PBXContainerItemProxy */ = {
			isa = PBXContainerItemProxy;
			containerPortal = 9409E10E1ABF6FE900312E2B /* Project object */;
			proxyType = 1;
			remoteGlobalIDString = 740025631DA4909B0088F156;
			remoteInfo = CRN;
		};
		740025831DA4909B0088F156 /* PBXContainerItemProxy */ = {
			isa = PBXContainerItemProxy;
			containerPortal = 9409E10E1ABF6FE900312E2B /* Project object */;
			proxyType = 1;
			remoteGlobalIDString = 740025631DA4909B0088F156;
			remoteInfo = CRN;
		};
		740025921DA490C20088F156 /* PBXContainerItemProxy */ = {
			isa = PBXContainerItemProxy;
			containerPortal = 9409E10E1ABF6FE900312E2B /* Project object */;
			proxyType = 1;
			remoteGlobalIDString = 9409E1151ABF6FEA00312E2B;
			remoteInfo = WGBB;
		};
/* End PBXContainerItemProxy section */

/* Begin PBXFileReference section */
		2C5545BA1C1124DE00728469 /* WGBB.xctest */ = {isa = PBXFileReference; explicitFileType = wrapper.cfbundle; includeInIndex = 0; path = WGBB.xctest; sourceTree = BUILT_PRODUCTS_DIR; };
		2C5545BC1C1124DE00728469 /* SwiftRadioUITests.swift */ = {isa = PBXFileReference; lastKnownFileType = sourcecode.swift; path = SwiftRadioUITests.swift; sourceTree = "<group>"; };
		2C5545BE1C1124DE00728469 /* Info.plist */ = {isa = PBXFileReference; lastKnownFileType = text.plist.xml; path = Info.plist; sourceTree = "<group>"; };
		41FDF6FA1D0F5956007EACF3 /* Base */ = {isa = PBXFileReference; lastKnownFileType = file.storyboard; name = Base; path = Base.lproj/Main.storyboard; sourceTree = "<group>"; };
		740025641DA4909B0088F156 /* CRN.app */ = {isa = PBXFileReference; explicitFileType = wrapper.application; includeInIndex = 0; path = CRN.app; sourceTree = BUILT_PRODUCTS_DIR; };
		740025771DA4909B0088F156 /* CRNTests.xctest */ = {isa = PBXFileReference; explicitFileType = wrapper.cfbundle; includeInIndex = 0; path = CRNTests.xctest; sourceTree = BUILT_PRODUCTS_DIR; };
		740025821DA4909B0088F156 /* CRNUITests.xctest */ = {isa = PBXFileReference; explicitFileType = wrapper.cfbundle; includeInIndex = 0; path = CRNUITests.xctest; sourceTree = BUILT_PRODUCTS_DIR; };
		7409A3B61D2EF68E000887A3 /* AboutUsMenuViewController.swift */ = {isa = PBXFileReference; fileEncoding = 4; lastKnownFileType = sourcecode.swift; path = AboutUsMenuViewController.swift; sourceTree = "<group>"; };
		7409A3B91D305652000887A3 /* ActivityMenuViewController.swift */ = {isa = PBXFileReference; fileEncoding = 4; lastKnownFileType = sourcecode.swift; path = ActivityMenuViewController.swift; sourceTree = "<group>"; };
		74E88F821E08F21B0074DE2E /* activities.json */ = {isa = PBXFileReference; fileEncoding = 4; lastKnownFileType = text.json; path = activities.json; sourceTree = "<group>"; };
		74F57A101D36BE71007A4290 /* ColleagueViewController.swift */ = {isa = PBXFileReference; fileEncoding = 4; lastKnownFileType = sourcecode.swift; path = ColleagueViewController.swift; sourceTree = "<group>"; };
		74F57A141D36F4C4007A4290 /* html */ = {isa = PBXFileReference; lastKnownFileType = folder; path = html; sourceTree = "<group>"; };
		74F57A1A1D397E0D007A4290 /* TabViewNavigationController.swift */ = {isa = PBXFileReference; fileEncoding = 4; lastKnownFileType = sourcecode.swift; name = TabViewNavigationController.swift; path = ../TabViewNavigationController.swift; sourceTree = "<group>"; };
		74F57A1E1D3A0266007A4290 /* ReplayListViewController.swift */ = {isa = PBXFileReference; fileEncoding = 4; lastKnownFileType = sourcecode.swift; path = ReplayListViewController.swift; sourceTree = "<group>"; };
		74F57A201D43FEC6007A4290 /* TabMenuViewController.swift */ = {isa = PBXFileReference; fileEncoding = 4; lastKnownFileType = sourcecode.swift; path = TabMenuViewController.swift; sourceTree = "<group>"; };
		9409E1161ABF6FEA00312E2B /* WGBB.app */ = {isa = PBXFileReference; explicitFileType = wrapper.application; includeInIndex = 0; path = WGBB.app; sourceTree = BUILT_PRODUCTS_DIR; };
		9409E11A1ABF6FEA00312E2B /* Info.plist */ = {isa = PBXFileReference; lastKnownFileType = text.plist.xml; path = Info.plist; sourceTree = "<group>"; };
		9409E11B1ABF6FEA00312E2B /* AppDelegate.swift */ = {isa = PBXFileReference; lastKnownFileType = sourcecode.swift; path = AppDelegate.swift; sourceTree = "<group>"; };
		9409E1251ABF6FEA00312E2B /* Images.xcassets */ = {isa = PBXFileReference; lastKnownFileType = folder.assetcatalog; path = Images.xcassets; sourceTree = "<group>"; };
		9409E13F1ABF78B000312E2B /* NowPlayingViewController.swift */ = {isa = PBXFileReference; fileEncoding = 4; lastKnownFileType = sourcecode.swift; path = NowPlayingViewController.swift; sourceTree = "<group>"; };
		942A3F361AE43DF80011396E /* StationsViewController.swift */ = {isa = PBXFileReference; fileEncoding = 4; lastKnownFileType = sourcecode.swift; path = StationsViewController.swift; sourceTree = "<group>"; };
		94452E4E1AD6F24700BFE7A5 /* PopUpMenuViewController.swift */ = {isa = PBXFileReference; fileEncoding = 4; lastKnownFileType = sourcecode.swift; path = PopUpMenuViewController.swift; sourceTree = "<group>"; };
		94452E541AD7086800BFE7A5 /* AboutViewController.swift */ = {isa = PBXFileReference; fileEncoding = 4; lastKnownFileType = sourcecode.swift; path = AboutViewController.swift; sourceTree = "<group>"; };
		945DB3C11AD58E3A00495EBB /* stations.json */ = {isa = PBXFileReference; fileEncoding = 4; lastKnownFileType = text.json; path = stations.json; sourceTree = "<group>"; };
		945DB3C41AD5A6E200495EBB /* NothingFoundCell.xib */ = {isa = PBXFileReference; fileEncoding = 4; lastKnownFileType = file.xib; path = NothingFoundCell.xib; sourceTree = "<group>"; };
		94817DFA1B547D5700D3FA23 /* Player.swift */ = {isa = PBXFileReference; fileEncoding = 4; lastKnownFileType = sourcecode.swift; path = Player.swift; sourceTree = "<group>"; };
		949BBB3F1ACC9DEE005B7C26 /* DataManager.swift */ = {isa = PBXFileReference; fileEncoding = 4; lastKnownFileType = sourcecode.swift; path = DataManager.swift; sourceTree = "<group>"; };
		949E5EAF1ACB340200AB6280 /* UIImageView+Download.swift */ = {isa = PBXFileReference; fileEncoding = 4; lastKnownFileType = sourcecode.swift; path = "UIImageView+Download.swift"; sourceTree = "<group>"; };
		94AC70AD1AD05C6200652982 /* RadioStation.swift */ = {isa = PBXFileReference; fileEncoding = 4; lastKnownFileType = sourcecode.swift; path = RadioStation.swift; sourceTree = "<group>"; };
		94D1D0A41AD6D6230022CA11 /* InfoDetailViewController.swift */ = {isa = PBXFileReference; fileEncoding = 4; lastKnownFileType = sourcecode.swift; path = InfoDetailViewController.swift; sourceTree = "<group>"; };
		94D260901B45D20000DE671C /* SwiftRadio-Settings.swift */ = {isa = PBXFileReference; fileEncoding = 4; lastKnownFileType = sourcecode.swift; path = "SwiftRadio-Settings.swift"; sourceTree = "<group>"; };
		94D260951B45E3FA00DE671C /* AnimationFrames.swift */ = {isa = PBXFileReference; fileEncoding = 4; lastKnownFileType = sourcecode.swift; path = AnimationFrames.swift; sourceTree = "<group>"; };
		94D260971B45E8B800DE671C /* Track.swift */ = {isa = PBXFileReference; fileEncoding = 4; lastKnownFileType = sourcecode.swift; path = Track.swift; sourceTree = "<group>"; };
		94D30EA61AD07A880024FE96 /* StationTableViewCell.swift */ = {isa = PBXFileReference; fileEncoding = 4; lastKnownFileType = sourcecode.swift; path = StationTableViewCell.swift; sourceTree = "<group>"; };
		94E9761B1B1A8F3200F52B1E /* UIImage+DropShadow.swift */ = {isa = PBXFileReference; fileEncoding = 4; lastKnownFileType = sourcecode.swift; path = "UIImage+DropShadow.swift"; sourceTree = "<group>"; };
		94ECF2661B94D80600D120A8 /* SwiftyJSON.swift */ = {isa = PBXFileReference; fileEncoding = 4; lastKnownFileType = sourcecode.swift; name = SwiftyJSON.swift; path = SwiftRadio/Libraries/SwiftyJSON.swift; sourceTree = SOURCE_ROOT; };
		B90086461BBE40AF00E5372C /* MediaPlayer.framework */ = {isa = PBXFileReference; lastKnownFileType = wrapper.framework; name = MediaPlayer.framework; path = System/Library/Frameworks/MediaPlayer.framework; sourceTree = SDKROOT; };
/* End PBXFileReference section */

/* Begin PBXFrameworksBuildPhase section */
		2C5545B71C1124DE00728469 /* Frameworks */ = {
			isa = PBXFrameworksBuildPhase;
			buildActionMask = 2147483647;
			files = (
			);
			runOnlyForDeploymentPostprocessing = 0;
		};
		740025611DA4909B0088F156 /* Frameworks */ = {
			isa = PBXFrameworksBuildPhase;
			buildActionMask = 2147483647;
			files = (
			);
			runOnlyForDeploymentPostprocessing = 0;
		};
		740025741DA4909B0088F156 /* Frameworks */ = {
			isa = PBXFrameworksBuildPhase;
			buildActionMask = 2147483647;
			files = (
			);
			runOnlyForDeploymentPostprocessing = 0;
		};
		7400257F1DA4909B0088F156 /* Frameworks */ = {
			isa = PBXFrameworksBuildPhase;
			buildActionMask = 2147483647;
			files = (
			);
			runOnlyForDeploymentPostprocessing = 0;
		};
		9409E1131ABF6FEA00312E2B /* Frameworks */ = {
			isa = PBXFrameworksBuildPhase;
			buildActionMask = 2147483647;
			files = (
			);
			runOnlyForDeploymentPostprocessing = 0;
		};
/* End PBXFrameworksBuildPhase section */

/* Begin PBXGroup section */
		2C5545BB1C1124DE00728469 /* SwiftRadioUITests */ = {
			isa = PBXGroup;
			children = (
				2C5545BC1C1124DE00728469 /* SwiftRadioUITests.swift */,
				2C5545BE1C1124DE00728469 /* Info.plist */,
			);
			path = SwiftRadioUITests;
			sourceTree = "<group>";
		};
		9409E10D1ABF6FE900312E2B = {
			isa = PBXGroup;
			children = (
				B90086461BBE40AF00E5372C /* MediaPlayer.framework */,
				9409E1181ABF6FEA00312E2B /* WGBBRadio */,
				949BBB411ACCA2B6005B7C26 /* Libraries */,
				2C5545BB1C1124DE00728469 /* SwiftRadioUITests */,
				9409E1171ABF6FEA00312E2B /* Products */,
			);
			sourceTree = "<group>";
		};
		9409E1171ABF6FEA00312E2B /* Products */ = {
			isa = PBXGroup;
			children = (
				9409E1161ABF6FEA00312E2B /* WGBB.app */,
				2C5545BA1C1124DE00728469 /* WGBB.xctest */,
				740025641DA4909B0088F156 /* CRN.app */,
				740025771DA4909B0088F156 /* CRNTests.xctest */,
				740025821DA4909B0088F156 /* CRNUITests.xctest */,
			);
			name = Products;
			sourceTree = "<group>";
		};
		9409E1181ABF6FEA00312E2B /* WGBBRadio */ = {
			isa = PBXGroup;
			children = (
				94D2608E1B45D0F800DE671C /* ViewControllers */,
				94823F861B5576F4004EC711 /* Data */,
				94E976191B1A8BFB00F52B1E /* Model */,
				94AC70AF1AD05C7400652982 /* Networking */,
				9409E11B1ABF6FEA00312E2B /* AppDelegate.swift */,
				41FDF6F91D0F5956007EACF3 /* Main.storyboard */,
				74F57A141D36F4C4007A4290 /* html */,
				9409E1251ABF6FEA00312E2B /* Images.xcassets */,
				9409E1191ABF6FEA00312E2B /* Supporting Files */,
				94D260941B45E0BA00DE671C /* UI Helpers */,
			);
			name = WGBBRadio;
			path = SwiftRadio;
			sourceTree = "<group>";
		};
		9409E1191ABF6FEA00312E2B /* Supporting Files */ = {
			isa = PBXGroup;
			children = (
				9409E11A1ABF6FEA00312E2B /* Info.plist */,
				94D260901B45D20000DE671C /* SwiftRadio-Settings.swift */,
			);
			name = "Supporting Files";
			sourceTree = "<group>";
		};
		94823F861B5576F4004EC711 /* Data */ = {
			isa = PBXGroup;
			children = (
				94D2608F1B45D11800DE671C /* Cells */,
				945DB3C11AD58E3A00495EBB /* stations.json */,
				74E88F821E08F21B0074DE2E /* activities.json */,
			);
			name = Data;
			sourceTree = "<group>";
		};
		949BBB411ACCA2B6005B7C26 /* Libraries */ = {
			isa = PBXGroup;
			children = (
				94ECF2661B94D80600D120A8 /* SwiftyJSON.swift */,
			);
			name = Libraries;
			path = RadioPro;
			sourceTree = "<group>";
		};
		94AC70AF1AD05C7400652982 /* Networking */ = {
			isa = PBXGroup;
			children = (
				949BBB3F1ACC9DEE005B7C26 /* DataManager.swift */,
			);
			name = Networking;
			sourceTree = "<group>";
		};
		94D2608E1B45D0F800DE671C /* ViewControllers */ = {
			isa = PBXGroup;
			children = (
				74F57A1A1D397E0D007A4290 /* TabViewNavigationController.swift */,
				94452E541AD7086800BFE7A5 /* AboutViewController.swift */,
				94D1D0A41AD6D6230022CA11 /* InfoDetailViewController.swift */,
				9409E13F1ABF78B000312E2B /* NowPlayingViewController.swift */,
				94452E4E1AD6F24700BFE7A5 /* PopUpMenuViewController.swift */,
				942A3F361AE43DF80011396E /* StationsViewController.swift */,
				7409A3B61D2EF68E000887A3 /* AboutUsMenuViewController.swift */,
				7409A3B91D305652000887A3 /* ActivityMenuViewController.swift */,
				74F57A101D36BE71007A4290 /* ColleagueViewController.swift */,
				74F57A1E1D3A0266007A4290 /* ReplayListViewController.swift */,
				74F57A201D43FEC6007A4290 /* TabMenuViewController.swift */,
			);
			name = ViewControllers;
			sourceTree = "<group>";
		};
		94D2608F1B45D11800DE671C /* Cells */ = {
			isa = PBXGroup;
			children = (
				945DB3C41AD5A6E200495EBB /* NothingFoundCell.xib */,
				94D30EA61AD07A880024FE96 /* StationTableViewCell.swift */,
			);
			name = Cells;
			sourceTree = "<group>";
		};
		94D260941B45E0BA00DE671C /* UI Helpers */ = {
			isa = PBXGroup;
			children = (
				94D260951B45E3FA00DE671C /* AnimationFrames.swift */,
				949E5EAF1ACB340200AB6280 /* UIImageView+Download.swift */,
				94E9761B1B1A8F3200F52B1E /* UIImage+DropShadow.swift */,
			);
			name = "UI Helpers";
			sourceTree = "<group>";
		};
		94E976191B1A8BFB00F52B1E /* Model */ = {
			isa = PBXGroup;
			children = (
				94AC70AD1AD05C6200652982 /* RadioStation.swift */,
				94817DFA1B547D5700D3FA23 /* Player.swift */,
				94D260971B45E8B800DE671C /* Track.swift */,
			);
			name = Model;
			sourceTree = "<group>";
		};
/* End PBXGroup section */

/* Begin PBXNativeTarget section */
		2C5545B91C1124DE00728469 /* WGBBUITests */ = {
			isa = PBXNativeTarget;
			buildConfigurationList = 2C5545C31C1124DE00728469 /* Build configuration list for PBXNativeTarget "WGBBUITests" */;
			buildPhases = (
				2C5545B61C1124DE00728469 /* Sources */,
				2C5545B71C1124DE00728469 /* Frameworks */,
				2C5545B81C1124DE00728469 /* Resources */,
			);
			buildRules = (
			);
			dependencies = (
				2C5545C01C1124DE00728469 /* PBXTargetDependency */,
			);
			name = WGBBUITests;
			productName = SwiftRadioUITests;
			productReference = 2C5545BA1C1124DE00728469 /* WGBB.xctest */;
			productType = "com.apple.product-type.bundle.ui-testing";
		};
		740025631DA4909B0088F156 /* CRN */ = {
			isa = PBXNativeTarget;
			buildConfigurationList = 740025891DA4909B0088F156 /* Build configuration list for PBXNativeTarget "CRN" */;
			buildPhases = (
				740025601DA4909B0088F156 /* Sources */,
				740025611DA4909B0088F156 /* Frameworks */,
				740025621DA4909B0088F156 /* Resources */,
			);
			buildRules = (
			);
			dependencies = (
			);
			name = CRN;
			productName = CRN;
			productReference = 740025641DA4909B0088F156 /* CRN.app */;
			productType = "com.apple.product-type.application";
		};
		740025761DA4909B0088F156 /* CRNTests */ = {
			isa = PBXNativeTarget;
			buildConfigurationList = 7400258C1DA4909B0088F156 /* Build configuration list for PBXNativeTarget "CRNTests" */;
			buildPhases = (
				740025731DA4909B0088F156 /* Sources */,
				740025741DA4909B0088F156 /* Frameworks */,
				740025751DA4909B0088F156 /* Resources */,
			);
			buildRules = (
			);
			dependencies = (
				740025791DA4909B0088F156 /* PBXTargetDependency */,
			);
			name = CRNTests;
			productName = CRNTests;
			productReference = 740025771DA4909B0088F156 /* CRNTests.xctest */;
			productType = "com.apple.product-type.bundle.unit-test";
		};
		740025811DA4909B0088F156 /* CRNUITests */ = {
			isa = PBXNativeTarget;
			buildConfigurationList = 7400258F1DA4909B0088F156 /* Build configuration list for PBXNativeTarget "CRNUITests" */;
			buildPhases = (
				7400257E1DA4909B0088F156 /* Sources */,
				7400257F1DA4909B0088F156 /* Frameworks */,
				740025801DA4909B0088F156 /* Resources */,
			);
			buildRules = (
			);
			dependencies = (
				740025841DA4909B0088F156 /* PBXTargetDependency */,
				740025931DA490C20088F156 /* PBXTargetDependency */,
			);
			name = CRNUITests;
			productName = CRNUITests;
			productReference = 740025821DA4909B0088F156 /* CRNUITests.xctest */;
			productType = "com.apple.product-type.bundle.ui-testing";
		};
		9409E1151ABF6FEA00312E2B /* WGBB */ = {
			isa = PBXNativeTarget;
			buildConfigurationList = 9409E1381ABF6FEA00312E2B /* Build configuration list for PBXNativeTarget "WGBB" */;
			buildPhases = (
				9409E1121ABF6FEA00312E2B /* Sources */,
				9409E1131ABF6FEA00312E2B /* Frameworks */,
				9409E1141ABF6FEA00312E2B /* Resources */,
			);
			buildRules = (
			);
			dependencies = (
			);
			name = WGBB;
			productName = RadioPro;
			productReference = 9409E1161ABF6FEA00312E2B /* WGBB.app */;
			productType = "com.apple.product-type.application";
		};
/* End PBXNativeTarget section */

/* Begin PBXProject section */
		9409E10E1ABF6FE900312E2B /* Project object */ = {
			isa = PBXProject;
			attributes = {
				LastSwiftMigration = 0700;
				LastSwiftUpdateCheck = 0800;
				LastUpgradeCheck = 0700;
				ORGANIZATIONNAME = CodeMarket.io;
				TargetAttributes = {
					2C5545B91C1124DE00728469 = {
						CreatedOnToolsVersion = 7.1;
						LastSwiftMigration = 0800;
						TestTargetID = 9409E1151ABF6FEA00312E2B;
					};
					740025631DA4909B0088F156 = {
						CreatedOnToolsVersion = 8.0;
						DevelopmentTeam = J8LW92DZ5E;
						ProvisioningStyle = Automatic;
					};
					740025761DA4909B0088F156 = {
						CreatedOnToolsVersion = 8.0;
						DevelopmentTeam = J8LW92DZ5E;
						ProvisioningStyle = Automatic;
						TestTargetID = 740025631DA4909B0088F156;
					};
					740025811DA4909B0088F156 = {
						CreatedOnToolsVersion = 8.0;
						DevelopmentTeam = J8LW92DZ5E;
						ProvisioningStyle = Automatic;
						TestTargetID = 9409E1151ABF6FEA00312E2B;
					};
					9409E1151ABF6FEA00312E2B = {
						CreatedOnToolsVersion = 6.2;
						DevelopmentTeam = J8LW92DZ5E;
						LastSwiftMigration = 0800;
						SystemCapabilities = {
							com.apple.BackgroundModes = {
								enabled = 1;
							};
						};
					};
				};
			};
			buildConfigurationList = 9409E1111ABF6FE900312E2B /* Build configuration list for PBXProject "WGBB" */;
			compatibilityVersion = "Xcode 3.2";
			developmentRegion = English;
			hasScannedForEncodings = 0;
			knownRegions = (
				en,
				Base,
			);
			mainGroup = 9409E10D1ABF6FE900312E2B;
			productRefGroup = 9409E1171ABF6FEA00312E2B /* Products */;
			projectDirPath = "";
			projectRoot = "";
			targets = (
				9409E1151ABF6FEA00312E2B /* WGBB */,
				2C5545B91C1124DE00728469 /* WGBBUITests */,
				740025631DA4909B0088F156 /* CRN */,
				740025761DA4909B0088F156 /* CRNTests */,
				740025811DA4909B0088F156 /* CRNUITests */,
			);
		};
/* End PBXProject section */

/* Begin PBXResourcesBuildPhase section */
		2C5545B81C1124DE00728469 /* Resources */ = {
			isa = PBXResourcesBuildPhase;
			buildActionMask = 2147483647;
			files = (
			);
			runOnlyForDeploymentPostprocessing = 0;
		};
		740025621DA4909B0088F156 /* Resources */ = {
			isa = PBXResourcesBuildPhase;
			buildActionMask = 2147483647;
			files = (
			);
			runOnlyForDeploymentPostprocessing = 0;
		};
		740025751DA4909B0088F156 /* Resources */ = {
			isa = PBXResourcesBuildPhase;
			buildActionMask = 2147483647;
			files = (
			);
			runOnlyForDeploymentPostprocessing = 0;
		};
		740025801DA4909B0088F156 /* Resources */ = {
			isa = PBXResourcesBuildPhase;
			buildActionMask = 2147483647;
			files = (
			);
			runOnlyForDeploymentPostprocessing = 0;
		};
		9409E1141ABF6FEA00312E2B /* Resources */ = {
			isa = PBXResourcesBuildPhase;
			buildActionMask = 2147483647;
			files = (
				945DB3C21AD58E3A00495EBB /* stations.json in Resources */,
				74F57A151D36F4C4007A4290 /* html in Resources */,
				74E88F831E08F21B0074DE2E /* activities.json in Resources */,
				945DB3C51AD5A6E200495EBB /* NothingFoundCell.xib in Resources */,
				41FDF6FB1D0F5956007EACF3 /* Main.storyboard in Resources */,
				9409E1261ABF6FEA00312E2B /* Images.xcassets in Resources */,
			);
			runOnlyForDeploymentPostprocessing = 0;
		};
/* End PBXResourcesBuildPhase section */

/* Begin PBXSourcesBuildPhase section */
		2C5545B61C1124DE00728469 /* Sources */ = {
			isa = PBXSourcesBuildPhase;
			buildActionMask = 2147483647;
			files = (
				2C5545BD1C1124DE00728469 /* SwiftRadioUITests.swift in Sources */,
			);
			runOnlyForDeploymentPostprocessing = 0;
		};
		740025601DA4909B0088F156 /* Sources */ = {
			isa = PBXSourcesBuildPhase;
			buildActionMask = 2147483647;
			files = (
			);
			runOnlyForDeploymentPostprocessing = 0;
		};
		740025731DA4909B0088F156 /* Sources */ = {
			isa = PBXSourcesBuildPhase;
			buildActionMask = 2147483647;
			files = (
			);
			runOnlyForDeploymentPostprocessing = 0;
		};
		7400257E1DA4909B0088F156 /* Sources */ = {
			isa = PBXSourcesBuildPhase;
			buildActionMask = 2147483647;
			files = (
			);
			runOnlyForDeploymentPostprocessing = 0;
		};
		9409E1121ABF6FEA00312E2B /* Sources */ = {
			isa = PBXSourcesBuildPhase;
			buildActionMask = 2147483647;
			files = (
				74F57A111D36BE71007A4290 /* ColleagueViewController.swift in Sources */,
				949E5EB01ACB340200AB6280 /* UIImageView+Download.swift in Sources */,
				94D260911B45D20000DE671C /* SwiftRadio-Settings.swift in Sources */,
				94D30EA71AD07A880024FE96 /* StationTableViewCell.swift in Sources */,
				7409A3BA1D305652000887A3 /* ActivityMenuViewController.swift in Sources */,
				9409E1401ABF78B000312E2B /* NowPlayingViewController.swift in Sources */,
				74F57A1F1D3A0266007A4290 /* ReplayListViewController.swift in Sources */,
				7409A3B71D2EF68E000887A3 /* AboutUsMenuViewController.swift in Sources */,
				94D1D0A51AD6D6230022CA11 /* InfoDetailViewController.swift in Sources */,
				949BBB401ACC9DEE005B7C26 /* DataManager.swift in Sources */,
				94E9761C1B1A8F3200F52B1E /* UIImage+DropShadow.swift in Sources */,
				94452E551AD7086800BFE7A5 /* AboutViewController.swift in Sources */,
				74F57A211D43FEC6007A4290 /* TabMenuViewController.swift in Sources */,
				94D260981B45E8B800DE671C /* Track.swift in Sources */,
				94452E4F1AD6F24700BFE7A5 /* PopUpMenuViewController.swift in Sources */,
				9409E11C1ABF6FEA00312E2B /* AppDelegate.swift in Sources */,
				94ECF2671B94D80600D120A8 /* SwiftyJSON.swift in Sources */,
				94D260961B45E3FA00DE671C /* AnimationFrames.swift in Sources */,
				942A3F371AE43DF80011396E /* StationsViewController.swift in Sources */,
				74F57A1B1D397E0D007A4290 /* TabViewNavigationController.swift in Sources */,
				94AC70AE1AD05C6200652982 /* RadioStation.swift in Sources */,
				94817DFB1B547D5700D3FA23 /* Player.swift in Sources */,
			);
			runOnlyForDeploymentPostprocessing = 0;
		};
/* End PBXSourcesBuildPhase section */

/* Begin PBXTargetDependency section */
		2C5545C01C1124DE00728469 /* PBXTargetDependency */ = {
			isa = PBXTargetDependency;
			target = 9409E1151ABF6FEA00312E2B /* WGBB */;
			targetProxy = 2C5545BF1C1124DE00728469 /* PBXContainerItemProxy */;
		};
		740025791DA4909B0088F156 /* PBXTargetDependency */ = {
			isa = PBXTargetDependency;
			target = 740025631DA4909B0088F156 /* CRN */;
			targetProxy = 740025781DA4909B0088F156 /* PBXContainerItemProxy */;
		};
		740025841DA4909B0088F156 /* PBXTargetDependency */ = {
			isa = PBXTargetDependency;
			target = 740025631DA4909B0088F156 /* CRN */;
			targetProxy = 740025831DA4909B0088F156 /* PBXContainerItemProxy */;
		};
		740025931DA490C20088F156 /* PBXTargetDependency */ = {
			isa = PBXTargetDependency;
			target = 9409E1151ABF6FEA00312E2B /* WGBB */;
			targetProxy = 740025921DA490C20088F156 /* PBXContainerItemProxy */;
		};
/* End PBXTargetDependency section */

/* Begin PBXVariantGroup section */
		41FDF6F91D0F5956007EACF3 /* Main.storyboard */ = {
			isa = PBXVariantGroup;
			children = (
				41FDF6FA1D0F5956007EACF3 /* Base */,
			);
			name = Main.storyboard;
			sourceTree = "<group>";
		};
/* End PBXVariantGroup section */

/* Begin XCBuildConfiguration section */
		2C5545C11C1124DE00728469 /* Debug */ = {
			isa = XCBuildConfiguration;
			buildSettings = {
				DEBUG_INFORMATION_FORMAT = dwarf;
				GCC_NO_COMMON_BLOCKS = YES;
				INFOPLIST_FILE = SwiftRadioUITests/Info.plist;
				IPHONEOS_DEPLOYMENT_TARGET = 9.1;
				LD_RUNPATH_SEARCH_PATHS = "$(inherited) @executable_path/Frameworks @loader_path/Frameworks";
				PRODUCT_BUNDLE_IDENTIFIER = jonah.SwiftRadioUITests;
				PRODUCT_NAME = WGBB;
				SWIFT_VERSION = 3.0;
				TEST_TARGET_NAME = SwiftRadio;
				USES_XCTRUNNER = YES;
			};
			name = Debug;
		};
		2C5545C21C1124DE00728469 /* Release */ = {
			isa = XCBuildConfiguration;
			buildSettings = {
				DEBUG_INFORMATION_FORMAT = "dwarf-with-dsym";
				GCC_NO_COMMON_BLOCKS = YES;
				INFOPLIST_FILE = SwiftRadioUITests/Info.plist;
				IPHONEOS_DEPLOYMENT_TARGET = 9.1;
				LD_RUNPATH_SEARCH_PATHS = "$(inherited) @executable_path/Frameworks @loader_path/Frameworks";
				PRODUCT_BUNDLE_IDENTIFIER = jonah.SwiftRadioUITests;
				PRODUCT_NAME = WGBB;
				SWIFT_VERSION = 3.0;
				TEST_TARGET_NAME = SwiftRadio;
				USES_XCTRUNNER = YES;
			};
			name = Release;
		};
		7400258A1DA4909B0088F156 /* Debug */ = {
			isa = XCBuildConfiguration;
			buildSettings = {
				ASSETCATALOG_COMPILER_APPICON_NAME = AppIcon;
				CLANG_ANALYZER_NONNULL = YES;
				CLANG_WARN_DOCUMENTATION_COMMENTS = YES;
				CLANG_WARN_INFINITE_RECURSION = YES;
				CLANG_WARN_SUSPICIOUS_MOVES = YES;
				DEBUG_INFORMATION_FORMAT = dwarf;
				DEVELOPMENT_TEAM = J8LW92DZ5E;
				GCC_NO_COMMON_BLOCKS = YES;
				INFOPLIST_FILE = CRN/Info.plist;
				LD_RUNPATH_SEARCH_PATHS = "$(inherited) @executable_path/Frameworks";
				PRODUCT_BUNDLE_IDENTIFIER = com.GianniYan.CRN;
				PRODUCT_NAME = "$(TARGET_NAME)";
				SWIFT_ACTIVE_COMPILATION_CONDITIONS = DEBUG;
				SWIFT_VERSION = 3.0;
				TARGETED_DEVICE_FAMILY = "1,2";
			};
			name = Debug;
		};
		7400258B1DA4909B0088F156 /* Release */ = {
			isa = XCBuildConfiguration;
			buildSettings = {
				ASSETCATALOG_COMPILER_APPICON_NAME = AppIcon;
				CLANG_ANALYZER_NONNULL = YES;
				CLANG_WARN_DOCUMENTATION_COMMENTS = YES;
				CLANG_WARN_INFINITE_RECURSION = YES;
				CLANG_WARN_SUSPICIOUS_MOVES = YES;
				DEBUG_INFORMATION_FORMAT = "dwarf-with-dsym";
				DEVELOPMENT_TEAM = J8LW92DZ5E;
				GCC_NO_COMMON_BLOCKS = YES;
				INFOPLIST_FILE = CRN/Info.plist;
				LD_RUNPATH_SEARCH_PATHS = "$(inherited) @executable_path/Frameworks";
				PRODUCT_BUNDLE_IDENTIFIER = com.GianniYan.CRN;
				PRODUCT_NAME = "$(TARGET_NAME)";
				SWIFT_OPTIMIZATION_LEVEL = "-Owholemodule";
				SWIFT_VERSION = 3.0;
				TARGETED_DEVICE_FAMILY = "1,2";
			};
			name = Release;
		};
		7400258D1DA4909B0088F156 /* Debug */ = {
			isa = XCBuildConfiguration;
			buildSettings = {
				BUNDLE_LOADER = "$(TEST_HOST)";
				CLANG_ANALYZER_NONNULL = YES;
				CLANG_WARN_DOCUMENTATION_COMMENTS = YES;
				CLANG_WARN_INFINITE_RECURSION = YES;
				CLANG_WARN_SUSPICIOUS_MOVES = YES;
				DEBUG_INFORMATION_FORMAT = dwarf;
				DEVELOPMENT_TEAM = J8LW92DZ5E;
				GCC_NO_COMMON_BLOCKS = YES;
				INFOPLIST_FILE = CRNTests/Info.plist;
				LD_RUNPATH_SEARCH_PATHS = "$(inherited) @executable_path/Frameworks @loader_path/Frameworks";
				PRODUCT_BUNDLE_IDENTIFIER = com.GianniYan.CRNTests;
				PRODUCT_NAME = "$(TARGET_NAME)";
				SWIFT_ACTIVE_COMPILATION_CONDITIONS = DEBUG;
				SWIFT_VERSION = 3.0;
				TEST_HOST = "$(BUILT_PRODUCTS_DIR)/CRN.app/CRN";
			};
			name = Debug;
		};
		7400258E1DA4909B0088F156 /* Release */ = {
			isa = XCBuildConfiguration;
			buildSettings = {
				BUNDLE_LOADER = "$(TEST_HOST)";
				CLANG_ANALYZER_NONNULL = YES;
				CLANG_WARN_DOCUMENTATION_COMMENTS = YES;
				CLANG_WARN_INFINITE_RECURSION = YES;
				CLANG_WARN_SUSPICIOUS_MOVES = YES;
				DEBUG_INFORMATION_FORMAT = "dwarf-with-dsym";
				DEVELOPMENT_TEAM = J8LW92DZ5E;
				GCC_NO_COMMON_BLOCKS = YES;
				INFOPLIST_FILE = CRNTests/Info.plist;
				LD_RUNPATH_SEARCH_PATHS = "$(inherited) @executable_path/Frameworks @loader_path/Frameworks";
				PRODUCT_BUNDLE_IDENTIFIER = com.GianniYan.CRNTests;
				PRODUCT_NAME = "$(TARGET_NAME)";
				SWIFT_OPTIMIZATION_LEVEL = "-Owholemodule";
				SWIFT_VERSION = 3.0;
				TEST_HOST = "$(BUILT_PRODUCTS_DIR)/CRN.app/CRN";
			};
			name = Release;
		};
		740025901DA4909B0088F156 /* Debug */ = {
			isa = XCBuildConfiguration;
			buildSettings = {
				CLANG_ANALYZER_NONNULL = YES;
				CLANG_WARN_DOCUMENTATION_COMMENTS = YES;
				CLANG_WARN_INFINITE_RECURSION = YES;
				CLANG_WARN_SUSPICIOUS_MOVES = YES;
				DEBUG_INFORMATION_FORMAT = dwarf;
				DEVELOPMENT_TEAM = J8LW92DZ5E;
				GCC_NO_COMMON_BLOCKS = YES;
				INFOPLIST_FILE = CRNUITests/Info.plist;
				LD_RUNPATH_SEARCH_PATHS = "$(inherited) @executable_path/Frameworks @loader_path/Frameworks";
				PRODUCT_BUNDLE_IDENTIFIER = com.GianniYan.CRNUITests;
				PRODUCT_NAME = "$(TARGET_NAME)";
				SWIFT_ACTIVE_COMPILATION_CONDITIONS = DEBUG;
				SWIFT_VERSION = 3.0;
				TEST_TARGET_NAME = WGBB;
			};
			name = Debug;
		};
		740025911DA4909B0088F156 /* Release */ = {
			isa = XCBuildConfiguration;
			buildSettings = {
				CLANG_ANALYZER_NONNULL = YES;
				CLANG_WARN_DOCUMENTATION_COMMENTS = YES;
				CLANG_WARN_INFINITE_RECURSION = YES;
				CLANG_WARN_SUSPICIOUS_MOVES = YES;
				DEBUG_INFORMATION_FORMAT = "dwarf-with-dsym";
				DEVELOPMENT_TEAM = J8LW92DZ5E;
				GCC_NO_COMMON_BLOCKS = YES;
				INFOPLIST_FILE = CRNUITests/Info.plist;
				LD_RUNPATH_SEARCH_PATHS = "$(inherited) @executable_path/Frameworks @loader_path/Frameworks";
				PRODUCT_BUNDLE_IDENTIFIER = com.GianniYan.CRNUITests;
				PRODUCT_NAME = "$(TARGET_NAME)";
				SWIFT_OPTIMIZATION_LEVEL = "-Owholemodule";
				SWIFT_VERSION = 3.0;
				TEST_TARGET_NAME = WGBB;
			};
			name = Release;
		};
		9409E1361ABF6FEA00312E2B /* Debug */ = {
			isa = XCBuildConfiguration;
			buildSettings = {
				ALWAYS_SEARCH_USER_PATHS = NO;
				CLANG_CXX_LANGUAGE_STANDARD = "gnu++0x";
				CLANG_CXX_LIBRARY = "libc++";
				CLANG_ENABLE_MODULES = YES;
				CLANG_ENABLE_OBJC_ARC = YES;
				CLANG_WARN_BOOL_CONVERSION = YES;
				CLANG_WARN_CONSTANT_CONVERSION = YES;
				CLANG_WARN_DIRECT_OBJC_ISA_USAGE = YES_ERROR;
				CLANG_WARN_EMPTY_BODY = YES;
				CLANG_WARN_ENUM_CONVERSION = YES;
				CLANG_WARN_INT_CONVERSION = YES;
				CLANG_WARN_OBJC_ROOT_CLASS = YES_ERROR;
				CLANG_WARN_UNREACHABLE_CODE = YES;
				CLANG_WARN__DUPLICATE_METHOD_MATCH = YES;
				"CODE_SIGN_IDENTITY[sdk=iphoneos*]" = "iPhone Developer";
				COPY_PHASE_STRIP = NO;
				ENABLE_STRICT_OBJC_MSGSEND = YES;
				ENABLE_TESTABILITY = YES;
				GCC_C_LANGUAGE_STANDARD = gnu99;
				GCC_DYNAMIC_NO_PIC = NO;
				GCC_OPTIMIZATION_LEVEL = 0;
				GCC_PREPROCESSOR_DEFINITIONS = (
					"DEBUG=1",
					"$(inherited)",
				);
				GCC_SYMBOLS_PRIVATE_EXTERN = NO;
				GCC_WARN_64_TO_32_BIT_CONVERSION = YES;
				GCC_WARN_ABOUT_RETURN_TYPE = YES_ERROR;
				GCC_WARN_UNDECLARED_SELECTOR = YES;
				GCC_WARN_UNINITIALIZED_AUTOS = YES_AGGRESSIVE;
				GCC_WARN_UNUSED_FUNCTION = YES;
				GCC_WARN_UNUSED_VARIABLE = YES;
				IPHONEOS_DEPLOYMENT_TARGET = 10.0;
				MTL_ENABLE_DEBUG_INFO = YES;
				ONLY_ACTIVE_ARCH = YES;
				SDKROOT = iphoneos;
				SWIFT_OPTIMIZATION_LEVEL = "-Onone";
			};
			name = Debug;
		};
		9409E1371ABF6FEA00312E2B /* Release */ = {
			isa = XCBuildConfiguration;
			buildSettings = {
				ALWAYS_SEARCH_USER_PATHS = NO;
				CLANG_CXX_LANGUAGE_STANDARD = "gnu++0x";
				CLANG_CXX_LIBRARY = "libc++";
				CLANG_ENABLE_MODULES = YES;
				CLANG_ENABLE_OBJC_ARC = YES;
				CLANG_WARN_BOOL_CONVERSION = YES;
				CLANG_WARN_CONSTANT_CONVERSION = YES;
				CLANG_WARN_DIRECT_OBJC_ISA_USAGE = YES_ERROR;
				CLANG_WARN_EMPTY_BODY = YES;
				CLANG_WARN_ENUM_CONVERSION = YES;
				CLANG_WARN_INT_CONVERSION = YES;
				CLANG_WARN_OBJC_ROOT_CLASS = YES_ERROR;
				CLANG_WARN_UNREACHABLE_CODE = YES;
				CLANG_WARN__DUPLICATE_METHOD_MATCH = YES;
				"CODE_SIGN_IDENTITY[sdk=iphoneos*]" = "iPhone Developer";
				COPY_PHASE_STRIP = NO;
				ENABLE_NS_ASSERTIONS = NO;
				ENABLE_STRICT_OBJC_MSGSEND = YES;
				GCC_C_LANGUAGE_STANDARD = gnu99;
				GCC_WARN_64_TO_32_BIT_CONVERSION = YES;
				GCC_WARN_ABOUT_RETURN_TYPE = YES_ERROR;
				GCC_WARN_UNDECLARED_SELECTOR = YES;
				GCC_WARN_UNINITIALIZED_AUTOS = YES_AGGRESSIVE;
				GCC_WARN_UNUSED_FUNCTION = YES;
				GCC_WARN_UNUSED_VARIABLE = YES;
				IPHONEOS_DEPLOYMENT_TARGET = 10.0;
				MTL_ENABLE_DEBUG_INFO = NO;
				SDKROOT = iphoneos;
				VALIDATE_PRODUCT = YES;
			};
			name = Release;
		};
		9409E1391ABF6FEA00312E2B /* Debug */ = {
			isa = XCBuildConfiguration;
			buildSettings = {
				ASSETCATALOG_COMPILER_APPICON_NAME = AppIcon;
				ASSETCATALOG_COMPILER_LAUNCHIMAGE_NAME = LaunchImage;
				CODE_SIGN_IDENTITY = "iPhone Developer: Zhongyi Yan (JDYXP8WK54)";
				"CODE_SIGN_IDENTITY[sdk=iphoneos*]" = "iPhone Developer";
				DEFINES_MODULE = YES;
				DEVELOPMENT_TEAM = J8LW92DZ5E;
				FRAMEWORK_SEARCH_PATHS = (
					"$(inherited)",
					"$(PROJECT_DIR)/SwiftRadio",
				);
				INFOPLIST_FILE = SwiftRadio/Info.plist;
				IPHONEOS_DEPLOYMENT_TARGET = 8.0;
				LD_RUNPATH_SEARCH_PATHS = "$(inherited) @executable_path/Frameworks";
				PRODUCT_BUNDLE_IDENTIFIER = com.GianniYan.CRN;
				PRODUCT_NAME = WGBB;
				PROVISIONING_PROFILE = "";
				RESOURCES_TARGETED_DEVICE_FAMILY = "";
				SWIFT_INSTALL_OBJC_HEADER = NO;
				SWIFT_VERSION = 3.0;
				TARGETED_DEVICE_FAMILY = 1;
			};
			name = Debug;
		};
		9409E13A1ABF6FEA00312E2B /* Release */ = {
			isa = XCBuildConfiguration;
			buildSettings = {
				ASSETCATALOG_COMPILER_APPICON_NAME = AppIcon;
				ASSETCATALOG_COMPILER_LAUNCHIMAGE_NAME = LaunchImage;
				CODE_SIGN_IDENTITY = "iPhone Developer: Zhongyi Yan (JDYXP8WK54)";
				"CODE_SIGN_IDENTITY[sdk=iphoneos*]" = "iPhone Developer";
				DEFINES_MODULE = YES;
				DEVELOPMENT_TEAM = J8LW92DZ5E;
				ENABLE_TESTABILITY = NO;
				FRAMEWORK_SEARCH_PATHS = (
					"$(inherited)",
					"$(PROJECT_DIR)/SwiftRadio",
				);
				INFOPLIST_FILE = SwiftRadio/Info.plist;
				IPHONEOS_DEPLOYMENT_TARGET = 8.0;
				LD_RUNPATH_SEARCH_PATHS = "$(inherited) @executable_path/Frameworks";
				PRODUCT_BUNDLE_IDENTIFIER = com.GianniYan.CRN;
				PRODUCT_NAME = WGBB;
				PROVISIONING_PROFILE = "";
				RESOURCES_TARGETED_DEVICE_FAMILY = "";
				SWIFT_INSTALL_OBJC_HEADER = NO;
				SWIFT_VERSION = 3.0;
				TARGETED_DEVICE_FAMILY = 1;
			};
			name = Release;
		};
/* End XCBuildConfiguration section */

/* Begin XCConfigurationList section */
		2C5545C31C1124DE00728469 /* Build configuration list for PBXNativeTarget "WGBBUITests" */ = {
			isa = XCConfigurationList;
			buildConfigurations = (
				2C5545C11C1124DE00728469 /* Debug */,
				2C5545C21C1124DE00728469 /* Release */,
			);
			defaultConfigurationIsVisible = 0;
			defaultConfigurationName = Release;
		};
		740025891DA4909B0088F156 /* Build configuration list for PBXNativeTarget "CRN" */ = {
			isa = XCConfigurationList;
			buildConfigurations = (
				7400258A1DA4909B0088F156 /* Debug */,
				7400258B1DA4909B0088F156 /* Release */,
			);
			defaultConfigurationIsVisible = 0;
			defaultConfigurationName = Release;
		};
		7400258C1DA4909B0088F156 /* Build configuration list for PBXNativeTarget "CRNTests" */ = {
			isa = XCConfigurationList;
			buildConfigurations = (
				7400258D1DA4909B0088F156 /* Debug */,
				7400258E1DA4909B0088F156 /* Release */,
			);
			defaultConfigurationIsVisible = 0;
			defaultConfigurationName = Release;
		};
		7400258F1DA4909B0088F156 /* Build configuration list for PBXNativeTarget "CRNUITests" */ = {
			isa = XCConfigurationList;
			buildConfigurations = (
				740025901DA4909B0088F156 /* Debug */,
				740025911DA4909B0088F156 /* Release */,
			);
			defaultConfigurationIsVisible = 0;
			defaultConfigurationName = Release;
		};
		9409E1111ABF6FE900312E2B /* Build configuration list for PBXProject "WGBB" */ = {
			isa = XCConfigurationList;
			buildConfigurations = (
				9409E1361ABF6FEA00312E2B /* Debug */,
				9409E1371ABF6FEA00312E2B /* Release */,
			);
			defaultConfigurationIsVisible = 0;
			defaultConfigurationName = Release;
		};
		9409E1381ABF6FEA00312E2B /* Build configuration list for PBXNativeTarget "WGBB" */ = {
			isa = XCConfigurationList;
			buildConfigurations = (
				9409E1391ABF6FEA00312E2B /* Debug */,
				9409E13A1ABF6FEA00312E2B /* Release */,
			);
			defaultConfigurationIsVisible = 0;
			defaultConfigurationName = Release;
		};
/* End XCConfigurationList section */
	};
	rootObject = 9409E10E1ABF6FE900312E2B /* Project object */;
}
